
Microsoft Visual Studio Solution File, Format Version 12.00
# Visual Studio Version 17
VisualStudioVersion = 17.0.32126.317
MinimumVisualStudioVersion = 10.0.40219.1
Project("{FAE04EC0-301F-11D3-BF4B-00C04F79EFBC}") = "lab3_2", "lab3_2\lab3_2.csproj", "{33BA9934-6587-4C6A-A211-FFE7A0507ED8}"
EndProject
Global
	GlobalSection(SolutionConfigurationPlatforms) = preSolution
		Debug|Any CPU = Debug|Any CPU
		Release|Any CPU = Release|Any CPU
	EndGlobalSection
	GlobalSection(ProjectConfigurationPlatforms) = postSolution
		{33BA9934-6587-4C6A-A211-FFE7A0507ED8}.Debug|Any CPU.ActiveCfg = Debug|Any CPU
		{33BA9934-6587-4C6A-A211-FFE7A0507ED8}.Debug|Any CPU.Build.0 = Debug|Any CPU
		{33BA9934-6587-4C6A-A211-FFE7A0507ED8}.Release|Any CPU.ActiveCfg = Release|Any CPU
		{33BA9934-6587-4C6A-A211-FFE7A0507ED8}.Release|Any CPU.Build.0 = Release|Any CPU
	EndGlobalSection
	GlobalSection(SolutionProperties) = preSolution
		HideSolutionNode = FALSE
	EndGlobalSection
	GlobalSection(ExtensibilityGlobals) = postSolution
		SolutionGuid = {C9E4DFA6-6510-4673-B5AF-B86AF44EFC93}
	EndGlobalSection
EndGlobal
